
Microsoft Visual Studio Solution File, Format Version 12.00
# Visual Studio Version 16
VisualStudioVersion = 16.0.31613.86
MinimumVisualStudioVersion = 10.0.40219.1
Project("{FAE04EC0-301F-11D3-BF4B-00C04F79EFBC}") = "TrabalhoRosen1", "TrabalhoRosen1\TrabalhoRosen1.csproj", "{FE70241B-F4F2-46A9-BE3E-9EA9324753B5}"
EndProject
Global
	GlobalSection(SolutionConfigurationPlatforms) = preSolution
		Debug|Any CPU = Debug|Any CPU
		Release|Any CPU = Release|Any CPU
	EndGlobalSection
	GlobalSection(ProjectConfigurationPlatforms) = postSolution
		{FE70241B-F4F2-46A9-BE3E-9EA9324753B5}.Debug|Any CPU.ActiveCfg = Debug|Any CPU
		{FE70241B-F4F2-46A9-BE3E-9EA9324753B5}.Debug|Any CPU.Build.0 = Debug|Any CPU
		{FE70241B-F4F2-46A9-BE3E-9EA9324753B5}.Release|Any CPU.ActiveCfg = Release|Any CPU
		{FE70241B-F4F2-46A9-BE3E-9EA9324753B5}.Release|Any CPU.Build.0 = Release|Any CPU
	EndGlobalSection
	GlobalSection(SolutionProperties) = preSolution
		HideSolutionNode = FALSE
	EndGlobalSection
	GlobalSection(ExtensibilityGlobals) = postSolution
		SolutionGuid = {67157AD8-8499-46F4-B6C8-CF38216BDC1B}
	EndGlobalSection
EndGlobal
